<?xml version="1.0" encoding="utf-8"?>
<Project ToolsVersion="4.0" xmlns="http://schemas.microsoft.com/developer/msbuild/2003">
  <ItemGroup>
    <Filter Include="Source Files">
      <UniqueIdentifier>{4FC737F1-C7A5-4376-A066-2A32D752A2FF}</UniqueIdentifier>
      <Extensions>cpp;c;cc;cxx;c++;cppm;ixx;def;odl;idl;hpj;bat;asm;asmx</Extensions>
    </Filter>
    <Filter Include="Header Files">
      <UniqueIdentifier>{93995380-89BD-4b04-88EB-625FBE52EBFB}</UniqueIdentifier>
      <Extensions>h;hh;hpp;hxx;h++;hm;inl;inc;ipp;xsd</Extensions>
    </Filter>
    <Filter Include="Resource Files">
      <UniqueIdentifier>{67DA6AB6-F800-4c08-8B7A-83BB121AAD01}</UniqueIdentifier>
      <Extensions>rc;ico;cur;bmp;dlg;rc2;rct;bin;rgs;gif;jpg;jpeg;jpe;resx;tiff;tif;png;wav;mfcribbon-ms</Extensions>
    </Filter>
    <Filter Include="Header Files\GameObjects">
      <UniqueIdentifier>{194c5f55-d5b5-4745-8c30-55c7cc897db4}</UniqueIdentifier>
    </Filter>
    <Filter Include="Header Files\States">
      <UniqueIdentifier>{5506387d-cc58-46ea-995f-9d2a967e7db9}</UniqueIdentifier>
    </Filter>
    <Filter Include="Source Files\GameObjects">
      <UniqueIdentifier>{e5d5ae37-a8ff-4523-94ad-81d4eb0947bb}</UniqueIdentifier>
    </Filter>
    <Filter Include="Source Files\States">
      <UniqueIdentifier>{3476dd83-beb9-4c10-ac2b-8c42383d1c0b}</UniqueIdentifier>
    </Filter>
    <Filter Include="Header Files\Foundation">
      <UniqueIdentifier>{665f8353-c6f2-4ac8-8188-4a34869fabda}</UniqueIdentifier>
    </Filter>
    <Filter Include="Header Files\Interfaces">
      <UniqueIdentifier>{9b04b835-342a-4be6-a2c6-2e9411502acf}</UniqueIdentifier>
    </Filter>
    <Filter Include="Source Files\Foundation">
      <UniqueIdentifier>{541a4772-cc63-41ff-a59e-84d1abb09fe9}</UniqueIdentifier>
    </Filter>
    <Filter Include="Header Files\GameObjects\Components">
      <UniqueIdentifier>{429efb6c-4bd3-4fd3-bc38-639c8125632b}</UniqueIdentifier>
    </Filter>
    <Filter Include="Source Files\GameObjects\Components">
      <UniqueIdentifier>{089b2887-1c7f-4109-9a82-68e461b8c3d8}</UniqueIdentifier>
    </Filter>
    <Filter Include="Header Files\Foundation\rapidxml">
      <UniqueIdentifier>{5524c560-3e0b-4dcb-860a-3c7b8120acab}</UniqueIdentifier>
    </Filter>
    <Filter Include="Header Files\Board">
      <UniqueIdentifier>{61309f14-cee0-4e5f-b951-7327bc2f6610}</UniqueIdentifier>
    </Filter>
    <Filter Include="Header Files\States\Rounds">
      <UniqueIdentifier>{34f49bff-41dd-4623-9c08-709a2ca2d679}</UniqueIdentifier>
    </Filter>
    <Filter Include="Source Files\Board">
      <UniqueIdentifier>{08d0ee7f-766d-45db-bdc9-8d742b8f9917}</UniqueIdentifier>
    </Filter>
    <Filter Include="Source Files\States\Rounds">
      <UniqueIdentifier>{2ab50650-30d5-4489-8909-1cbd8a452679}</UniqueIdentifier>
    </Filter>
  </ItemGroup>
  <ItemGroup>
    <ClCompile Include="..\source\pch.cpp">
      <Filter>Source Files</Filter>
    </ClCompile>
    <ClCompile Include="..\source\Game.cpp">
      <Filter>Source Files</Filter>
    </ClCompile>
    <ClCompile Include="..\source\GameObjects\GameObject.cpp">
      <Filter>Source Files\GameObjects</Filter>
    </ClCompile>
    <ClCompile Include="..\source\Foundation\Helpers.cpp">
      <Filter>Source Files\Foundation</Filter>
    </ClCompile>
    <ClCompile Include="..\source\Foundation\InputManager.cpp">
      <Filter>Source Files\Foundation</Filter>
    </ClCompile>
    <ClCompile Include="..\source\Foundation\ResourceManager.cpp">
      <Filter>Source Files\Foundation</Filter>
    </ClCompile>
    <ClCompile Include="..\source\States\GameStateManager.cpp">
      <Filter>Source Files\States</Filter>
    </ClCompile>
    <ClCompile Include="..\source\States\MenuState.cpp">
      <Filter>Source Files\States</Filter>
    </ClCompile>
    <ClCompile Include="..\source\States\PlayingState.cpp">
      <Filter>Source Files\States</Filter>
    </ClCompile>
    <ClCompile Include="..\source\Foundation\Time.cpp">
      <Filter>Source Files\Foundation</Filter>
    </ClCompile>
    <ClCompile Include="..\source\GameObjects\GameObjectManager.cpp">
      <Filter>Source Files\GameObjects</Filter>
    </ClCompile>
    <ClCompile Include="..\source\GameObjects\RenderManager.cpp">
      <Filter>Source Files\GameObjects</Filter>
    </ClCompile>
    <ClCompile Include="..\source\GameObjects\Components\RenderComponent.cpp">
      <Filter>Source Files\GameObjects\Components</Filter>
    </ClCompile>
    <ClCompile Include="..\source\GameObjects\Components\ARenderableComponent.cpp">
      <Filter>Source Files\GameObjects\Components</Filter>
    </ClCompile>
    <ClCompile Include="..\source\GameObjects\Components\CameraComponent.cpp">
      <Filter>Source Files\GameObjects\Components</Filter>
    </ClCompile>
    <ClCompile Include="..\source\GameObjects\Components\GameComponent.cpp">
      <Filter>Source Files\GameObjects\Components</Filter>
    </ClCompile>
    <ClCompile Include="..\source\GameObjects\Components\LayerComponent.cpp">
      <Filter>Source Files\GameObjects\Components</Filter>
    </ClCompile>
    <ClCompile Include="..\source\Board\BoardClickManager.cpp">
      <Filter>Source Files\Board</Filter>
    </ClCompile>
    <ClCompile Include="..\source\Board\Meeple.cpp">
      <Filter>Source Files\Board</Filter>
    </ClCompile>
    <ClCompile Include="..\source\Board\SquareHighlighter.cpp">
      <Filter>Source Files\Board</Filter>
    </ClCompile>
    <ClCompile Include="..\source\GameObjects\Components\SquareComponent.cpp">
      <Filter>Source Files\GameObjects\Components</Filter>
    </ClCompile>
    <ClCompile Include="..\source\Board\BoardComponent.cpp">
      <Filter>Source Files\Board</Filter>
    </ClCompile>
    <ClCompile Include="..\source\Board\SquareMatrix.cpp">
      <Filter>Source Files\Board</Filter>
    </ClCompile>
    <ClCompile Include="..\source\States\Rounds\RoundManager.cpp">
      <Filter>Source Files\States\Rounds</Filter>
    </ClCompile>
    <ClCompile Include="..\source\GameManager.cpp">
      <Filter>Source Files</Filter>
    </ClCompile>
    <ClCompile Include="..\source\Board\AttackHandler.cpp">
      <Filter>Source Files\Board</Filter>
    </ClCompile>
    <ClCompile Include="..\source\States\Rounds\AttackRoundState.cpp">
      <Filter>Source Files\States\Rounds</Filter>
    </ClCompile>
    <ClCompile Include="..\source\States\Rounds\MoveRoundState.cpp">
      <Filter>Source Files\States\Rounds</Filter>
    </ClCompile>
    <ClCompile Include="..\source\Foundation\ConfigHandler.cpp">
      <Filter>Source Files\Foundation</Filter>
    </ClCompile>
    <ClCompile Include="..\source\States\MeeplePlaceState.cpp">
      <Filter>Source Files\States</Filter>
    </ClCompile>
    <ClCompile Include="..\source\States\MoveAttackState.cpp">
      <Filter>Source Files\States</Filter>
    </ClCompile>
    <ClCompile Include="..\source\States\ScoreState.cpp">
      <Filter>Source Files\States</Filter>
    </ClCompile>
    <ClCompile Include="..\source\States\TutorialState.cpp">
      <Filter>Source Files\States</Filter>
    </ClCompile>
    <ClCompile Include="..\source\Foundation\Highlighter.cpp">
      <Filter>Source Files\Foundation</Filter>
    </ClCompile>
    <ClCompile Include="..\include\PatternRenderer.cpp">
      <Filter>Source Files</Filter>
    </ClCompile>
  </ItemGroup>
  <ItemGroup>
    <ClInclude Include="..\include\pch.h">
      <Filter>Header Files</Filter>
    </ClInclude>
    <ClInclude Include="..\include\targetver.h">
      <Filter>Header Files</Filter>
    </ClInclude>
    <ClInclude Include="..\include\GameObjects\GameObject.h">
      <Filter>Header Files\GameObjects</Filter>
    </ClInclude>
    <ClInclude Include="..\include\Foundation\Helpers.h">
      <Filter>Header Files\Foundation</Filter>
    </ClInclude>
    <ClInclude Include="..\include\Foundation\InputManager.h">
      <Filter>Header Files\Foundation</Filter>
    </ClInclude>
    <ClInclude Include="..\include\Foundation\ResourceManager.h">
      <Filter>Header Files\Foundation</Filter>
    </ClInclude>
    <ClInclude Include="..\include\Interfaces\IObservable.h">
      <Filter>Header Files\Interfaces</Filter>
    </ClInclude>
    <ClInclude Include="..\include\Interfaces\IObserver.h">
      <Filter>Header Files\Interfaces</Filter>
    </ClInclude>
    <ClInclude Include="..\include\States\GameState.h">
      <Filter>Header Files\States</Filter>
    </ClInclude>
    <ClInclude Include="..\include\States\GameStateManager.h">
      <Filter>Header Files\States</Filter>
    </ClInclude>
    <ClInclude Include="..\include\States\MenuState.h">
      <Filter>Header Files\States</Filter>
    </ClInclude>
    <ClInclude Include="..\include\States\PlayingState.h">
      <Filter>Header Files\States</Filter>
    </ClInclude>
    <ClInclude Include="resource.h">
      <Filter>Header Files</Filter>
    </ClInclude>
    <ClInclude Include="..\include\Foundation\Time.h">
      <Filter>Header Files\Foundation</Filter>
    </ClInclude>
    <ClInclude Include="..\include\GameObjects\GameObjectManager.h">
      <Filter>Header Files\GameObjects</Filter>
    </ClInclude>
    <ClInclude Include="..\include\GameObjects\RenderManager.h">
      <Filter>Header Files\GameObjects</Filter>
    </ClInclude>
    <ClInclude Include="..\include\Foundation\Layer.h">
      <Filter>Header Files\Foundation</Filter>
    </ClInclude>
    <ClInclude Include="..\include\GameObjects\ObjectContainer.h">
      <Filter>Header Files\GameObjects</Filter>
    </ClInclude>
    <ClInclude Include="..\include\GameObjects\Components\ARenderableComponent.h">
      <Filter>Header Files\GameObjects\Components</Filter>
    </ClInclude>
    <ClInclude Include="..\include\GameObjects\Components\CameraComponent.h">
      <Filter>Header Files\GameObjects\Components</Filter>
    </ClInclude>
    <ClInclude Include="..\include\GameObjects\Components\GameComponent.h">
      <Filter>Header Files\GameObjects\Components</Filter>
    </ClInclude>
    <ClInclude Include="..\include\GameObjects\Components\LayerComponent.h">
      <Filter>Header Files\GameObjects\Components</Filter>
    </ClInclude>
    <ClInclude Include="..\include\GameObjects\Components\RenderComponent.h">
      <Filter>Header Files\GameObjects\Components</Filter>
    </ClInclude>
    <ClInclude Include="..\include\Foundation\APool.h">
      <Filter>Header Files\Foundation</Filter>
    </ClInclude>
    <ClInclude Include="..\include\Foundation\Tags.h">
      <Filter>Header Files\Foundation</Filter>
    </ClInclude>
    <ClInclude Include="..\include\Foundation\rapidxml\rapidxml.hpp">
      <Filter>Header Files\Foundation\rapidxml</Filter>
    </ClInclude>
    <ClInclude Include="..\include\Foundation\rapidxml\rapidxml_iterators.hpp">
      <Filter>Header Files\Foundation\rapidxml</Filter>
    </ClInclude>
    <ClInclude Include="..\include\Foundation\rapidxml\rapidxml_print.hpp">
      <Filter>Header Files\Foundation\rapidxml</Filter>
    </ClInclude>
    <ClInclude Include="..\include\Foundation\rapidxml\rapidxml_utils.hpp">
      <Filter>Header Files\Foundation\rapidxml</Filter>
    </ClInclude>
    <ClInclude Include="..\include\Board\BoardClickManager.h">
      <Filter>Header Files\Board</Filter>
    </ClInclude>
    <ClInclude Include="..\include\Board\Meeple.h">
      <Filter>Header Files\Board</Filter>
    </ClInclude>
    <ClInclude Include="..\include\Board\SquareHighlighter.h">
      <Filter>Header Files\Board</Filter>
    </ClInclude>
    <ClInclude Include="..\include\States\Rounds\RoundManager.h">
      <Filter>Header Files\States\Rounds</Filter>
    </ClInclude>
    <ClInclude Include="..\include\GameObjects\Components\SquareComponent.h">
      <Filter>Header Files\GameObjects\Components</Filter>
    </ClInclude>
    <ClInclude Include="..\include\Board\BoardComponent.h">
      <Filter>Header Files\Board</Filter>
    </ClInclude>
    <ClInclude Include="..\include\Board\SquareMatrix.h">
      <Filter>Header Files\Board</Filter>
    </ClInclude>
    <ClInclude Include="..\include\States\Rounds\IRoundState.h">
      <Filter>Header Files\States\Rounds</Filter>
    </ClInclude>
    <ClInclude Include="..\include\GameManager.h">
      <Filter>Header Files</Filter>
    </ClInclude>
    <ClInclude Include="..\include\Board\AttackHandler.h">
      <Filter>Header Files\Board</Filter>
    </ClInclude>
    <ClInclude Include="..\include\States\Rounds\MoveRoundState.h">
      <Filter>Header Files\States\Rounds</Filter>
    </ClInclude>
    <ClInclude Include="..\include\States\Rounds\AttackRoundState.h">
      <Filter>Header Files\States\Rounds</Filter>
    </ClInclude>
    <ClInclude Include="..\include\Foundation\AttackDir.h">
      <Filter>Header Files\Foundation</Filter>
    </ClInclude>
    <ClInclude Include="..\include\Foundation\ConfigHandler.h">
      <Filter>Header Files\Foundation</Filter>
    </ClInclude>
    <ClInclude Include="..\include\States\MeeplePlaceState.h">
      <Filter>Header Files\States</Filter>
    </ClInclude>
    <ClInclude Include="..\include\States\IPlayingSubState.h">
      <Filter>Header Files\States</Filter>
    </ClInclude>
    <ClInclude Include="..\include\States\MoveAttackState.h">
      <Filter>Header Files\States</Filter>
    </ClInclude>
    <ClInclude Include="..\include\States\ScoreState.h">
      <Filter>Header Files\States</Filter>
    </ClInclude>
    <ClInclude Include="..\include\States\TutorialState.h">
      <Filter>Header Files\States</Filter>
    </ClInclude>
    <ClInclude Include="..\include\Foundation\Highlighter.h">
      <Filter>Header Files\Foundation</Filter>
    </ClInclude>
    <ClInclude Include="..\include\PatternRenderer.h">
      <Filter>Header Files</Filter>
    </ClInclude>
  </ItemGroup>
  <ItemGroup>
    <ResourceCompile Include="UGE.rc">
      <Filter>Resource Files</Filter>
    </ResourceCompile>
  </ItemGroup>
</Project>